
Microsoft Visual Studio Solution File, Format Version 12.00
# Visual Studio Version 17
VisualStudioVersion = 17.0.32014.148
MinimumVisualStudioVersion = 10.0.40219.1
Project("{FAE04EC0-301F-11D3-BF4B-00C04F79EFBC}") = "wLightBox Control Center", "wLightBox Control Center\wLightBox Control Center.csproj", "{EEC5ACF3-9D24-442B-BF38-C93B7F27ED67}"
EndProject
Global
	GlobalSection(SolutionConfigurationPlatforms) = preSolution
		Debug|Any CPU = Debug|Any CPU
		Release|Any CPU = Release|Any CPU
	EndGlobalSection
	GlobalSection(ProjectConfigurationPlatforms) = postSolution
		{EEC5ACF3-9D24-442B-BF38-C93B7F27ED67}.Debug|Any CPU.ActiveCfg = Debug|Any CPU
		{EEC5ACF3-9D24-442B-BF38-C93B7F27ED67}.Debug|Any CPU.Build.0 = Debug|Any CPU
		{EEC5ACF3-9D24-442B-BF38-C93B7F27ED67}.Release|Any CPU.ActiveCfg = Release|Any CPU
		{EEC5ACF3-9D24-442B-BF38-C93B7F27ED67}.Release|Any CPU.Build.0 = Release|Any CPU
	EndGlobalSection
	GlobalSection(SolutionProperties) = preSolution
		HideSolutionNode = FALSE
	EndGlobalSection
	GlobalSection(ExtensibilityGlobals) = postSolution
		SolutionGuid = {E7B0F692-653E-4A7B-B22A-F1DA0B3D31CD}
	EndGlobalSection
EndGlobal
